
Microsoft Visual Studio Solution File, Format Version 12.00
# Visual Studio Version 17
VisualStudioVersion = 17.8.34511.84
MinimumVisualStudioVersion = 10.0.40219.1
Project("{2150E333-8FDC-42A3-9474-1A3956D46DE8}") = "MicroServices", "MicroServices", "{930F97B3-D9F7-4677-B593-9CA2910C0DCE}"
EndProject
Project("{2150E333-8FDC-42A3-9474-1A3956D46DE8}") = "Domain", "Domain", "{59054BCD-6079-4964-B546-4D4123F607A7}"
EndProject
Project("{2150E333-8FDC-42A3-9474-1A3956D46DE8}") = "Infra.Bus", "Infra.Bus", "{411049E5-4682-4BFD-A15A-211B7B9AA77C}"
EndProject
Project("{2150E333-8FDC-42A3-9474-1A3956D46DE8}") = "Infra.Ioc", "Infra.Ioc", "{3B2B4B36-0B1D-4156-802E-A8A880FE07FF}"
EndProject
Project("{2150E333-8FDC-42A3-9474-1A3956D46DE8}") = "Presentation", "Presentation", "{5AF4B43F-AC75-4D84-9880-64C7F15369E8}"
EndProject
Project("{9A19103F-16F7-4668-BE54-9A1E7A4F7556}") = "MicroRabbit.Domain.Core", "MicroRabbit.Domain.Core\MicroRabbit.Domain.Core.csproj", "{AC0F72F5-D1FA-4738-89BC-742BA6B1C57E}"
EndProject
Project("{9A19103F-16F7-4668-BE54-9A1E7A4F7556}") = "MicroRabbit.Infra.Bus", "MicroRabbit.Infra.Bus\MicroRabbit.Infra.Bus.csproj", "{F2A1E832-5520-4A19-8D6A-C0B96E77A6F0}"
EndProject
Project("{9A19103F-16F7-4668-BE54-9A1E7A4F7556}") = "MicroRabbit.Infra.IoC", "MicroRabbit.Infra.IoC\MicroRabbit.Infra.IoC.csproj", "{28B0D514-FD49-4995-B90B-005B02CD5E55}"
EndProject
Project("{2150E333-8FDC-42A3-9474-1A3956D46DE8}") = "Banking", "Banking", "{B8A1A293-A6D4-459E-AD23-590CAA68DC1C}"
EndProject
Project("{2150E333-8FDC-42A3-9474-1A3956D46DE8}") = "API", "API", "{3B91193D-E4E7-4283-8835-6BADFF10E244}"
EndProject
Project("{2150E333-8FDC-42A3-9474-1A3956D46DE8}") = "Domain", "Domain", "{19748C34-CB93-4EC6-B040-5D9D5224ACBE}"
EndProject
Project("{2150E333-8FDC-42A3-9474-1A3956D46DE8}") = "Application", "Application", "{BD4F08B8-4BFC-44C3-82EA-42838A6D5794}"
EndProject
Project("{2150E333-8FDC-42A3-9474-1A3956D46DE8}") = "Data", "Data", "{DC9A5413-D352-4299-8E1B-CA4DFF2C7F11}"
EndProject
Project("{FAE04EC0-301F-11D3-BF4B-00C04F79EFBC}") = "MicroRabbit.Banking.Api", "MicroRabbit.Banking.Api\MicroRabbit.Banking.Api.csproj", "{E6454CD6-C479-4699-8BD1-77D1090DE228}"
EndProject
Project("{FAE04EC0-301F-11D3-BF4B-00C04F79EFBC}") = "MicroRabbit.Banking.Application", "MicroRabbit.Banking.Application\MicroRabbit.Banking.Application.csproj", "{A23DB49D-CA90-4554-90D5-43BE6F6023EC}"
EndProject
Project("{FAE04EC0-301F-11D3-BF4B-00C04F79EFBC}") = "MicroRabbit.Banking.Data", "MicroRabbit.Banking.Data\MicroRabbit.Banking.Data.csproj", "{95078FDB-E51F-4D2D-9C7E-2E90E7AFA487}"
EndProject
Project("{FAE04EC0-301F-11D3-BF4B-00C04F79EFBC}") = "MicroRabbit.Banking.Domain", "MicroRabbit.Banking.Domain\MicroRabbit.Banking.Domain.csproj", "{86F6F262-2BAE-4B08-BBDE-6D9231D3084D}"
EndProject
Global
	GlobalSection(SolutionConfigurationPlatforms) = preSolution
		Debug|Any CPU = Debug|Any CPU
		Release|Any CPU = Release|Any CPU
	EndGlobalSection
	GlobalSection(ProjectConfigurationPlatforms) = postSolution
		{AC0F72F5-D1FA-4738-89BC-742BA6B1C57E}.Debug|Any CPU.ActiveCfg = Debug|Any CPU
		{AC0F72F5-D1FA-4738-89BC-742BA6B1C57E}.Debug|Any CPU.Build.0 = Debug|Any CPU
		{AC0F72F5-D1FA-4738-89BC-742BA6B1C57E}.Release|Any CPU.ActiveCfg = Release|Any CPU
		{AC0F72F5-D1FA-4738-89BC-742BA6B1C57E}.Release|Any CPU.Build.0 = Release|Any CPU
		{F2A1E832-5520-4A19-8D6A-C0B96E77A6F0}.Debug|Any CPU.ActiveCfg = Debug|Any CPU
		{F2A1E832-5520-4A19-8D6A-C0B96E77A6F0}.Debug|Any CPU.Build.0 = Debug|Any CPU
		{F2A1E832-5520-4A19-8D6A-C0B96E77A6F0}.Release|Any CPU.ActiveCfg = Release|Any CPU
		{F2A1E832-5520-4A19-8D6A-C0B96E77A6F0}.Release|Any CPU.Build.0 = Release|Any CPU
		{28B0D514-FD49-4995-B90B-005B02CD5E55}.Debug|Any CPU.ActiveCfg = Debug|Any CPU
		{28B0D514-FD49-4995-B90B-005B02CD5E55}.Debug|Any CPU.Build.0 = Debug|Any CPU
		{28B0D514-FD49-4995-B90B-005B02CD5E55}.Release|Any CPU.ActiveCfg = Release|Any CPU
		{28B0D514-FD49-4995-B90B-005B02CD5E55}.Release|Any CPU.Build.0 = Release|Any CPU
		{E6454CD6-C479-4699-8BD1-77D1090DE228}.Debug|Any CPU.ActiveCfg = Debug|Any CPU
		{E6454CD6-C479-4699-8BD1-77D1090DE228}.Debug|Any CPU.Build.0 = Debug|Any CPU
		{E6454CD6-C479-4699-8BD1-77D1090DE228}.Release|Any CPU.ActiveCfg = Release|Any CPU
		{E6454CD6-C479-4699-8BD1-77D1090DE228}.Release|Any CPU.Build.0 = Release|Any CPU
		{A23DB49D-CA90-4554-90D5-43BE6F6023EC}.Debug|Any CPU.ActiveCfg = Debug|Any CPU
		{A23DB49D-CA90-4554-90D5-43BE6F6023EC}.Debug|Any CPU.Build.0 = Debug|Any CPU
		{A23DB49D-CA90-4554-90D5-43BE6F6023EC}.Release|Any CPU.ActiveCfg = Release|Any CPU
		{A23DB49D-CA90-4554-90D5-43BE6F6023EC}.Release|Any CPU.Build.0 = Release|Any CPU
		{95078FDB-E51F-4D2D-9C7E-2E90E7AFA487}.Debug|Any CPU.ActiveCfg = Debug|Any CPU
		{95078FDB-E51F-4D2D-9C7E-2E90E7AFA487}.Debug|Any CPU.Build.0 = Debug|Any CPU
		{95078FDB-E51F-4D2D-9C7E-2E90E7AFA487}.Release|Any CPU.ActiveCfg = Release|Any CPU
		{95078FDB-E51F-4D2D-9C7E-2E90E7AFA487}.Release|Any CPU.Build.0 = Release|Any CPU
		{86F6F262-2BAE-4B08-BBDE-6D9231D3084D}.Debug|Any CPU.ActiveCfg = Debug|Any CPU
		{86F6F262-2BAE-4B08-BBDE-6D9231D3084D}.Debug|Any CPU.Build.0 = Debug|Any CPU
		{86F6F262-2BAE-4B08-BBDE-6D9231D3084D}.Release|Any CPU.ActiveCfg = Release|Any CPU
		{86F6F262-2BAE-4B08-BBDE-6D9231D3084D}.Release|Any CPU.Build.0 = Release|Any CPU
	EndGlobalSection
	GlobalSection(SolutionProperties) = preSolution
		HideSolutionNode = FALSE
	EndGlobalSection
	GlobalSection(NestedProjects) = preSolution
		{AC0F72F5-D1FA-4738-89BC-742BA6B1C57E} = {59054BCD-6079-4964-B546-4D4123F607A7}
		{F2A1E832-5520-4A19-8D6A-C0B96E77A6F0} = {411049E5-4682-4BFD-A15A-211B7B9AA77C}
		{28B0D514-FD49-4995-B90B-005B02CD5E55} = {3B2B4B36-0B1D-4156-802E-A8A880FE07FF}
		{B8A1A293-A6D4-459E-AD23-590CAA68DC1C} = {930F97B3-D9F7-4677-B593-9CA2910C0DCE}
		{3B91193D-E4E7-4283-8835-6BADFF10E244} = {B8A1A293-A6D4-459E-AD23-590CAA68DC1C}
		{19748C34-CB93-4EC6-B040-5D9D5224ACBE} = {B8A1A293-A6D4-459E-AD23-590CAA68DC1C}
		{BD4F08B8-4BFC-44C3-82EA-42838A6D5794} = {B8A1A293-A6D4-459E-AD23-590CAA68DC1C}
		{DC9A5413-D352-4299-8E1B-CA4DFF2C7F11} = {B8A1A293-A6D4-459E-AD23-590CAA68DC1C}
		{E6454CD6-C479-4699-8BD1-77D1090DE228} = {3B91193D-E4E7-4283-8835-6BADFF10E244}
		{A23DB49D-CA90-4554-90D5-43BE6F6023EC} = {BD4F08B8-4BFC-44C3-82EA-42838A6D5794}
		{95078FDB-E51F-4D2D-9C7E-2E90E7AFA487} = {DC9A5413-D352-4299-8E1B-CA4DFF2C7F11}
		{86F6F262-2BAE-4B08-BBDE-6D9231D3084D} = {19748C34-CB93-4EC6-B040-5D9D5224ACBE}
	EndGlobalSection
	GlobalSection(ExtensibilityGlobals) = postSolution
		SolutionGuid = {410D8191-C104-4D7D-B300-CCC729CDCF6A}
	EndGlobalSection
EndGlobal
