
Microsoft Visual Studio Solution File, Format Version 12.00
# Visual Studio Version 17
VisualStudioVersion = 17.8.34511.84
MinimumVisualStudioVersion = 10.0.40219.1
Project("{2150E333-8FDC-42A3-9474-1A3956D46DE8}") = "MicroServices", "MicroServices", "{930F97B3-D9F7-4677-B593-9CA2910C0DCE}"
EndProject
Project("{2150E333-8FDC-42A3-9474-1A3956D46DE8}") = "Domain", "Domain", "{59054BCD-6079-4964-B546-4D4123F607A7}"
EndProject
Project("{2150E333-8FDC-42A3-9474-1A3956D46DE8}") = "Infra.Bus", "Infra.Bus", "{411049E5-4682-4BFD-A15A-211B7B9AA77C}"
EndProject
Project("{2150E333-8FDC-42A3-9474-1A3956D46DE8}") = "Infra.Ioc", "Infra.Ioc", "{3B2B4B36-0B1D-4156-802E-A8A880FE07FF}"
EndProject
Project("{2150E333-8FDC-42A3-9474-1A3956D46DE8}") = "Presentation", "Presentation", "{5AF4B43F-AC75-4D84-9880-64C7F15369E8}"
EndProject
Project("{FAE04EC0-301F-11D3-BF4B-00C04F79EFBC}") = "MicroRabbit.Domain.Core", "MicroRabbit.Domain.Core\MicroRabbit.Domain.Core.csproj", "{AC0F72F5-D1FA-4738-89BC-742BA6B1C57E}"
EndProject
Project("{FAE04EC0-301F-11D3-BF4B-00C04F79EFBC}") = "MicroRabbit.Infra.Bus", "MicroRabbit.Infra.Bus\MicroRabbit.Infra.Bus.csproj", "{F2A1E832-5520-4A19-8D6A-C0B96E77A6F0}"
EndProject
Global
	GlobalSection(SolutionConfigurationPlatforms) = preSolution
		Debug|Any CPU = Debug|Any CPU
		Release|Any CPU = Release|Any CPU
	EndGlobalSection
	GlobalSection(ProjectConfigurationPlatforms) = postSolution
		{AC0F72F5-D1FA-4738-89BC-742BA6B1C57E}.Debug|Any CPU.ActiveCfg = Debug|Any CPU
		{AC0F72F5-D1FA-4738-89BC-742BA6B1C57E}.Debug|Any CPU.Build.0 = Debug|Any CPU
		{AC0F72F5-D1FA-4738-89BC-742BA6B1C57E}.Release|Any CPU.ActiveCfg = Release|Any CPU
		{AC0F72F5-D1FA-4738-89BC-742BA6B1C57E}.Release|Any CPU.Build.0 = Release|Any CPU
		{F2A1E832-5520-4A19-8D6A-C0B96E77A6F0}.Debug|Any CPU.ActiveCfg = Debug|Any CPU
		{F2A1E832-5520-4A19-8D6A-C0B96E77A6F0}.Debug|Any CPU.Build.0 = Debug|Any CPU
		{F2A1E832-5520-4A19-8D6A-C0B96E77A6F0}.Release|Any CPU.ActiveCfg = Release|Any CPU
		{F2A1E832-5520-4A19-8D6A-C0B96E77A6F0}.Release|Any CPU.Build.0 = Release|Any CPU
	EndGlobalSection
	GlobalSection(SolutionProperties) = preSolution
		HideSolutionNode = FALSE
	EndGlobalSection
	GlobalSection(NestedProjects) = preSolution
		{AC0F72F5-D1FA-4738-89BC-742BA6B1C57E} = {59054BCD-6079-4964-B546-4D4123F607A7}
		{F2A1E832-5520-4A19-8D6A-C0B96E77A6F0} = {411049E5-4682-4BFD-A15A-211B7B9AA77C}
	EndGlobalSection
	GlobalSection(ExtensibilityGlobals) = postSolution
		SolutionGuid = {410D8191-C104-4D7D-B300-CCC729CDCF6A}
	EndGlobalSection
EndGlobal
